<?xml version="1.0" encoding="utf-8"?>
<Project ToolsVersion="4.0" xmlns="http://schemas.microsoft.com/developer/msbuild/2003">
  <ItemGroup>
    <ClInclude Include="Main\pch.h" />
    <ClInclude Include="Main\CorePch.h" />
    <ClInclude Include="Main\Types.h" />
    <ClInclude Include="Main\CoreGlobal.h" />
    <ClInclude Include="Main\CoreTLS.h" />
    <ClInclude Include="Main\CoreMacro.h" />
    <ClInclude Include="Thread\ThreadManager.h" />
    <ClInclude Include="Thread\Lock.h" />
    <ClInclude Include="Thread\DeadLockProfiler.h" />
    <ClInclude Include="Memory\Allocator.h" />
    <ClInclude Include="Memory\Memory.h" />
    <ClInclude Include="Memory\RefCounting.h" />
    <ClInclude Include="Memory\Container.h" />
    <ClInclude Include="Memory\MemoryPool.h" />
    <ClInclude Include="Memory\ObjectPool.h" />
    <ClInclude Include="Memory\TypeCast.h" />
    <ClInclude Include="Network\SocketUtils.h" />
    <ClInclude Include="Network\NetAddress.h" />
  </ItemGroup>
  <ItemGroup>
    <ClCompile Include="Main\pch.cpp" />
    <ClCompile Include="Main\CorePch.cpp" />
    <ClCompile Include="Main\CoreGlobal.cpp" />
    <ClCompile Include="Main\CoreTLS.cpp" />
    <ClCompile Include="Thread\ThreadManager.cpp" />
    <ClCompile Include="Thread\Lock.cpp" />
    <ClCompile Include="Thread\DeadLockProfiler.cpp" />
    <ClCompile Include="Memory\Allocator.cpp" />
    <ClCompile Include="Memory\Memory.cpp" />
    <ClCompile Include="Memory\RefCounting.cpp" />
    <ClCompile Include="Memory\MemoryPool.cpp" />
    <ClCompile Include="Network\SocketUtils.cpp" />
    <ClCompile Include="Network\NetAddress.cpp" />
  </ItemGroup>
</Project>